
Microsoft Visual Studio Solution File, Format Version 12.00
# Visual Studio Version 17
VisualStudioVersion = 17.14.36518.9 d17.14
MinimumVisualStudioVersion = 10.0.40219.1
Project("{FAE04EC0-301F-11D3-BF4B-00C04F79EFBC}") = "CatChat", "CatChat\CatChat.csproj", "{C16E44B3-5F8A-473E-A464-6AECA590D0D4}"
EndProject
Global
	GlobalSection(SolutionConfigurationPlatforms) = preSolution
		Debug|Any CPU = Debug|Any CPU
		Release|Any CPU = Release|Any CPU
	EndGlobalSection
	GlobalSection(ProjectConfigurationPlatforms) = postSolution
		{C16E44B3-5F8A-473E-A464-6AECA590D0D4}.Debug|Any CPU.ActiveCfg = Debug|Any CPU
		{C16E44B3-5F8A-473E-A464-6AECA590D0D4}.Debug|Any CPU.Build.0 = Debug|Any CPU
		{C16E44B3-5F8A-473E-A464-6AECA590D0D4}.Release|Any CPU.ActiveCfg = Release|Any CPU
		{C16E44B3-5F8A-473E-A464-6AECA590D0D4}.Release|Any CPU.Build.0 = Release|Any CPU
	EndGlobalSection
	GlobalSection(SolutionProperties) = preSolution
		HideSolutionNode = FALSE
	EndGlobalSection
	GlobalSection(ExtensibilityGlobals) = postSolution
		SolutionGuid = {FFA72A91-CA43-46C1-8E93-D57A26F49BCD}
	EndGlobalSection
EndGlobal
